
Microsoft Visual Studio Solution File, Format Version 12.00
# Visual Studio Version 17
VisualStudioVersion = 17.4.33103.184
MinimumVisualStudioVersion = 10.0.40219.1
Project("{2150E333-8FDC-42A3-9474-1A3956D46DE8}") = "Services", "Services", "{14B9A4C5-117A-4C87-AAF6-CAE285474973}"
EndProject
Project("{2150E333-8FDC-42A3-9474-1A3956D46DE8}") = "Catalog", "Catalog", "{4B6B106D-E61A-43CC-A2BA-A968ACB501A8}"
EndProject
Project("{9A19103F-16F7-4668-BE54-9A1E7A4F7556}") = "Catalog.API", "Services\Catalog\Catalog.API\Catalog.API.csproj", "{39590289-C26D-48C4-8B7F-72B36F1F0A59}"
EndProject
Project("{E53339B2-1760-4266-BCC7-CA923CBCF16C}") = "docker-compose", "docker-compose.dcproj", "{2B4A332E-9C04-4A4E-B7AD-80BE64A3AA26}"
EndProject
Project("{2150E333-8FDC-42A3-9474-1A3956D46DE8}") = "Basket", "Basket", "{EE7832DE-15B1-453A-AC35-4935D103F5BB}"
EndProject
Project("{9A19103F-16F7-4668-BE54-9A1E7A4F7556}") = "Basket.API", "Services\Basket\Basket.API\Basket.API.csproj", "{702AA3C8-4927-4016-937C-D75899FDE34A}"
EndProject
Project("{2150E333-8FDC-42A3-9474-1A3956D46DE8}") = "Discount", "Discount", "{A135CBF1-087F-4D6A-8FDB-FD0AC3BF9077}"
EndProject
Project("{9A19103F-16F7-4668-BE54-9A1E7A4F7556}") = "Discount.API", "Services\Discount\Discount.API\Discount.API.csproj", "{2B1E9534-AF19-4C62-8605-AC407D107461}"
EndProject
Project("{9A19103F-16F7-4668-BE54-9A1E7A4F7556}") = "Discount.gRPC", "Services\Discount\Discount.gRPC\Discount.gRPC.csproj", "{CED02EC6-8A72-4E58-B857-862C3DA8C2F8}"
EndProject
Project("{2150E333-8FDC-42A3-9474-1A3956D46DE8}") = "Ordering", "Ordering", "{C6DDFED6-D254-41A8-865B-A58028CF2AFC}"
EndProject
Project("{9A19103F-16F7-4668-BE54-9A1E7A4F7556}") = "Ordering.API", "Services\Ordering\Ordering.API\Ordering.API.csproj", "{8306D1A2-75BC-429B-94C7-0E20E6773DC6}"
EndProject
Project("{9A19103F-16F7-4668-BE54-9A1E7A4F7556}") = "Ordering.Domain", "Services\Ordering\Ordering.Domain\Ordering.Domain.csproj", "{E91C67E5-CE3D-4C25-ACAF-165DFAA95328}"
EndProject
Project("{9A19103F-16F7-4668-BE54-9A1E7A4F7556}") = "Ordering.Application", "Services\Ordering\Ordering.Application\Ordering.Application.csproj", "{FCED9446-733F-4F1D-BB13-008825AEC064}"
EndProject
Project("{9A19103F-16F7-4668-BE54-9A1E7A4F7556}") = "Ordering.Infrastructure", "Services\Ordering\Ordering.Infrastructure\Ordering.Infrastructure.csproj", "{B455EE2A-97B0-4837-B7E7-F6BDFC18E2C0}"
EndProject
Project("{2150E333-8FDC-42A3-9474-1A3956D46DE8}") = "BuildingBlocks", "BuildingBlocks", "{F776D4D7-398C-411A-BC1B-86FD79671592}"
EndProject
Project("{9A19103F-16F7-4668-BE54-9A1E7A4F7556}") = "EventBus.Messages", "BuildingBlocks\EventBus.Messages\EventBus.Messages.csproj", "{3F37016E-248E-47F6-AE0C-BF088D28E894}"
EndProject
Project("{2150E333-8FDC-42A3-9474-1A3956D46DE8}") = "ApiGateways", "ApiGateways", "{54869A4E-D65C-4D8D-BE51-043AD25EE3FF}"
EndProject
Project("{FAE04EC0-301F-11D3-BF4B-00C04F79EFBC}") = "OcelotApiGw", "ApiGateways\OcelotApiGw\OcelotApiGw.csproj", "{CC65B26C-562A-4586-A037-C356B3A3812E}"
EndProject
Project("{FAE04EC0-301F-11D3-BF4B-00C04F79EFBC}") = "Shopping.Aggregator", "ApiGateways\Shopping.Aggregator\Shopping.Aggregator.csproj", "{D3A64B73-0473-4529-8684-F3F0AC8E6183}"
EndProject
Global
	GlobalSection(SolutionConfigurationPlatforms) = preSolution
		Debug|Any CPU = Debug|Any CPU
		Release|Any CPU = Release|Any CPU
	EndGlobalSection
	GlobalSection(ProjectConfigurationPlatforms) = postSolution
		{39590289-C26D-48C4-8B7F-72B36F1F0A59}.Debug|Any CPU.ActiveCfg = Debug|Any CPU
		{39590289-C26D-48C4-8B7F-72B36F1F0A59}.Debug|Any CPU.Build.0 = Debug|Any CPU
		{39590289-C26D-48C4-8B7F-72B36F1F0A59}.Release|Any CPU.ActiveCfg = Release|Any CPU
		{39590289-C26D-48C4-8B7F-72B36F1F0A59}.Release|Any CPU.Build.0 = Release|Any CPU
		{2B4A332E-9C04-4A4E-B7AD-80BE64A3AA26}.Debug|Any CPU.ActiveCfg = Debug|Any CPU
		{2B4A332E-9C04-4A4E-B7AD-80BE64A3AA26}.Debug|Any CPU.Build.0 = Debug|Any CPU
		{2B4A332E-9C04-4A4E-B7AD-80BE64A3AA26}.Release|Any CPU.ActiveCfg = Release|Any CPU
		{2B4A332E-9C04-4A4E-B7AD-80BE64A3AA26}.Release|Any CPU.Build.0 = Release|Any CPU
		{702AA3C8-4927-4016-937C-D75899FDE34A}.Debug|Any CPU.ActiveCfg = Debug|Any CPU
		{702AA3C8-4927-4016-937C-D75899FDE34A}.Debug|Any CPU.Build.0 = Debug|Any CPU
		{702AA3C8-4927-4016-937C-D75899FDE34A}.Release|Any CPU.ActiveCfg = Release|Any CPU
		{702AA3C8-4927-4016-937C-D75899FDE34A}.Release|Any CPU.Build.0 = Release|Any CPU
		{2B1E9534-AF19-4C62-8605-AC407D107461}.Debug|Any CPU.ActiveCfg = Debug|Any CPU
		{2B1E9534-AF19-4C62-8605-AC407D107461}.Debug|Any CPU.Build.0 = Debug|Any CPU
		{2B1E9534-AF19-4C62-8605-AC407D107461}.Release|Any CPU.ActiveCfg = Release|Any CPU
		{2B1E9534-AF19-4C62-8605-AC407D107461}.Release|Any CPU.Build.0 = Release|Any CPU
		{CED02EC6-8A72-4E58-B857-862C3DA8C2F8}.Debug|Any CPU.ActiveCfg = Debug|Any CPU
		{CED02EC6-8A72-4E58-B857-862C3DA8C2F8}.Debug|Any CPU.Build.0 = Debug|Any CPU
		{CED02EC6-8A72-4E58-B857-862C3DA8C2F8}.Release|Any CPU.ActiveCfg = Release|Any CPU
		{CED02EC6-8A72-4E58-B857-862C3DA8C2F8}.Release|Any CPU.Build.0 = Release|Any CPU
		{8306D1A2-75BC-429B-94C7-0E20E6773DC6}.Debug|Any CPU.ActiveCfg = Debug|Any CPU
		{8306D1A2-75BC-429B-94C7-0E20E6773DC6}.Debug|Any CPU.Build.0 = Debug|Any CPU
		{8306D1A2-75BC-429B-94C7-0E20E6773DC6}.Release|Any CPU.ActiveCfg = Release|Any CPU
		{8306D1A2-75BC-429B-94C7-0E20E6773DC6}.Release|Any CPU.Build.0 = Release|Any CPU
		{E91C67E5-CE3D-4C25-ACAF-165DFAA95328}.Debug|Any CPU.ActiveCfg = Debug|Any CPU
		{E91C67E5-CE3D-4C25-ACAF-165DFAA95328}.Debug|Any CPU.Build.0 = Debug|Any CPU
		{E91C67E5-CE3D-4C25-ACAF-165DFAA95328}.Release|Any CPU.ActiveCfg = Release|Any CPU
		{E91C67E5-CE3D-4C25-ACAF-165DFAA95328}.Release|Any CPU.Build.0 = Release|Any CPU
		{FCED9446-733F-4F1D-BB13-008825AEC064}.Debug|Any CPU.ActiveCfg = Debug|Any CPU
		{FCED9446-733F-4F1D-BB13-008825AEC064}.Debug|Any CPU.Build.0 = Debug|Any CPU
		{FCED9446-733F-4F1D-BB13-008825AEC064}.Release|Any CPU.ActiveCfg = Release|Any CPU
		{FCED9446-733F-4F1D-BB13-008825AEC064}.Release|Any CPU.Build.0 = Release|Any CPU
		{B455EE2A-97B0-4837-B7E7-F6BDFC18E2C0}.Debug|Any CPU.ActiveCfg = Debug|Any CPU
		{B455EE2A-97B0-4837-B7E7-F6BDFC18E2C0}.Debug|Any CPU.Build.0 = Debug|Any CPU
		{B455EE2A-97B0-4837-B7E7-F6BDFC18E2C0}.Release|Any CPU.ActiveCfg = Release|Any CPU
		{B455EE2A-97B0-4837-B7E7-F6BDFC18E2C0}.Release|Any CPU.Build.0 = Release|Any CPU
		{3F37016E-248E-47F6-AE0C-BF088D28E894}.Debug|Any CPU.ActiveCfg = Debug|Any CPU
		{3F37016E-248E-47F6-AE0C-BF088D28E894}.Debug|Any CPU.Build.0 = Debug|Any CPU
		{3F37016E-248E-47F6-AE0C-BF088D28E894}.Release|Any CPU.ActiveCfg = Release|Any CPU
		{3F37016E-248E-47F6-AE0C-BF088D28E894}.Release|Any CPU.Build.0 = Release|Any CPU
		{CC65B26C-562A-4586-A037-C356B3A3812E}.Debug|Any CPU.ActiveCfg = Debug|Any CPU
		{CC65B26C-562A-4586-A037-C356B3A3812E}.Debug|Any CPU.Build.0 = Debug|Any CPU
		{CC65B26C-562A-4586-A037-C356B3A3812E}.Release|Any CPU.ActiveCfg = Release|Any CPU
		{CC65B26C-562A-4586-A037-C356B3A3812E}.Release|Any CPU.Build.0 = Release|Any CPU
		{D3A64B73-0473-4529-8684-F3F0AC8E6183}.Debug|Any CPU.ActiveCfg = Debug|Any CPU
		{D3A64B73-0473-4529-8684-F3F0AC8E6183}.Debug|Any CPU.Build.0 = Debug|Any CPU
		{D3A64B73-0473-4529-8684-F3F0AC8E6183}.Release|Any CPU.ActiveCfg = Release|Any CPU
		{D3A64B73-0473-4529-8684-F3F0AC8E6183}.Release|Any CPU.Build.0 = Release|Any CPU
	EndGlobalSection
	GlobalSection(SolutionProperties) = preSolution
		HideSolutionNode = FALSE
	EndGlobalSection
	GlobalSection(NestedProjects) = preSolution
		{4B6B106D-E61A-43CC-A2BA-A968ACB501A8} = {14B9A4C5-117A-4C87-AAF6-CAE285474973}
		{39590289-C26D-48C4-8B7F-72B36F1F0A59} = {4B6B106D-E61A-43CC-A2BA-A968ACB501A8}
		{EE7832DE-15B1-453A-AC35-4935D103F5BB} = {14B9A4C5-117A-4C87-AAF6-CAE285474973}
		{702AA3C8-4927-4016-937C-D75899FDE34A} = {EE7832DE-15B1-453A-AC35-4935D103F5BB}
		{A135CBF1-087F-4D6A-8FDB-FD0AC3BF9077} = {14B9A4C5-117A-4C87-AAF6-CAE285474973}
		{2B1E9534-AF19-4C62-8605-AC407D107461} = {A135CBF1-087F-4D6A-8FDB-FD0AC3BF9077}
		{CED02EC6-8A72-4E58-B857-862C3DA8C2F8} = {A135CBF1-087F-4D6A-8FDB-FD0AC3BF9077}
		{C6DDFED6-D254-41A8-865B-A58028CF2AFC} = {14B9A4C5-117A-4C87-AAF6-CAE285474973}
		{8306D1A2-75BC-429B-94C7-0E20E6773DC6} = {C6DDFED6-D254-41A8-865B-A58028CF2AFC}
		{E91C67E5-CE3D-4C25-ACAF-165DFAA95328} = {C6DDFED6-D254-41A8-865B-A58028CF2AFC}
		{FCED9446-733F-4F1D-BB13-008825AEC064} = {C6DDFED6-D254-41A8-865B-A58028CF2AFC}
		{B455EE2A-97B0-4837-B7E7-F6BDFC18E2C0} = {C6DDFED6-D254-41A8-865B-A58028CF2AFC}
		{3F37016E-248E-47F6-AE0C-BF088D28E894} = {F776D4D7-398C-411A-BC1B-86FD79671592}
		{CC65B26C-562A-4586-A037-C356B3A3812E} = {54869A4E-D65C-4D8D-BE51-043AD25EE3FF}
		{D3A64B73-0473-4529-8684-F3F0AC8E6183} = {54869A4E-D65C-4D8D-BE51-043AD25EE3FF}
	EndGlobalSection
	GlobalSection(ExtensibilityGlobals) = postSolution
		SolutionGuid = {C8257BC8-971B-4AB8-A8A8-5CA34F5171DC}
	EndGlobalSection
EndGlobal
